// !$*UTF8*$!
{
	archiveVersion = 1;
	classes = {
	};
	objectVersion = 55;
	objects = {

/* Begin PBXBuildFile section */
		55BD3F0C285C81F600421F22 /* ResultViewController.swift in Sources */ = {isa = PBXBuildFile; fileRef = 55BD3F0B285C81F600421F22 /* ResultViewController.swift */; };
		55EFFAA7285B80340038E01E /* AppDelegate.swift in Sources */ = {isa = PBXBuildFile; fileRef = 55EFFAA6285B80340038E01E /* AppDelegate.swift */; };
		55EFFAA9285B80340038E01E /* SceneDelegate.swift in Sources */ = {isa = PBXBuildFile; fileRef = 55EFFAA8285B80340038E01E /* SceneDelegate.swift */; };
		55EFFAAB285B80340038E01E /* MainViewController.swift in Sources */ = {isa = PBXBuildFile; fileRef = 55EFFAAA285B80340038E01E /* MainViewController.swift */; };
		55EFFAAE285B80340038E01E /* Main.storyboard in Resources */ = {isa = PBXBuildFile; fileRef = 55EFFAAC285B80340038E01E /* Main.storyboard */; };
		55EFFAB0285B80340038E01E /* Assets.xcassets in Resources */ = {isa = PBXBuildFile; fileRef = 55EFFAAF285B80340038E01E /* Assets.xcassets */; };
		55EFFAB3285B80340038E01E /* LaunchScreen.storyboard in Resources */ = {isa = PBXBuildFile; fileRef = 55EFFAB1285B80340038E01E /* LaunchScreen.storyboard */; };
		55EFFABD285B80F20038E01E /* TipBrain.swift in Sources */ = {isa = PBXBuildFile; fileRef = 55EFFABC285B80F20038E01E /* TipBrain.swift */; };
/* End PBXBuildFile section */

/* Begin PBXFileReference section */
		55BD3F0B285C81F600421F22 /* ResultViewController.swift */ = {isa = PBXFileReference; lastKnownFileType = sourcecode.swift; path = ResultViewController.swift; sourceTree = "<group>"; };
		55EFFAA3285B80340038E01E /* Splitty.app */ = {isa = PBXFileReference; explicitFileType = wrapper.application; includeInIndex = 0; path = Splitty.app; sourceTree = BUILT_PRODUCTS_DIR; };
		55EFFAA6285B80340038E01E /* AppDelegate.swift */ = {isa = PBXFileReference; lastKnownFileType = sourcecode.swift; path = AppDelegate.swift; sourceTree = "<group>"; };
		55EFFAA8285B80340038E01E /* SceneDelegate.swift */ = {isa = PBXFileReference; lastKnownFileType = sourcecode.swift; path = SceneDelegate.swift; sourceTree = "<group>"; };
		55EFFAAA285B80340038E01E /* MainViewController.swift */ = {isa = PBXFileReference; lastKnownFileType = sourcecode.swift; path = MainViewController.swift; sourceTree = "<group>"; };
		55EFFAAD285B80340038E01E /* Base */ = {isa = PBXFileReference; lastKnownFileType = file.storyboard; name = Base; path = Base.lproj/Main.storyboard; sourceTree = "<group>"; };
		55EFFAAF285B80340038E01E /* Assets.xcassets */ = {isa = PBXFileReference; lastKnownFileType = folder.assetcatalog; path = Assets.xcassets; sourceTree = "<group>"; };
		55EFFAB2285B80340038E01E /* Base */ = {isa = PBXFileReference; lastKnownFileType = file.storyboard; name = Base; path = Base.lproj/LaunchScreen.storyboard; sourceTree = "<group>"; };
		55EFFAB4285B80340038E01E /* Info.plist */ = {isa = PBXFileReference; lastKnownFileType = text.plist.xml; path = Info.plist; sourceTree = "<group>"; };
		55EFFABC285B80F20038E01E /* TipBrain.swift */ = {isa = PBXFileReference; lastKnownFileType = sourcecode.swift; path = TipBrain.swift; sourceTree = "<group>"; };
/* End PBXFileReference section */

/* Begin PBXFrameworksBuildPhase section */
		55EFFAA0285B80340038E01E /* Frameworks */ = {
			isa = PBXFrameworksBuildPhase;
			buildActionMask = 2147483647;
			files = (
			);
			runOnlyForDeploymentPostprocessing = 0;
		};
/* End PBXFrameworksBuildPhase section */

/* Begin PBXGroup section */
		55EFFA9A285B80340038E01E = {
			isa = PBXGroup;
			children = (
				55EFFAA5285B80340038E01E /* Splitty */,
				55EFFAA4285B80340038E01E /* Products */,
			);
			sourceTree = "<group>";
		};
		55EFFAA4285B80340038E01E /* Products */ = {
			isa = PBXGroup;
			children = (
				55EFFAA3285B80340038E01E /* Splitty.app */,
			);
			name = Products;
			sourceTree = "<group>";
		};
		55EFFAA5285B80340038E01E /* Splitty */ = {
			isa = PBXGroup;
			children = (
				55EFFAA6285B80340038E01E /* AppDelegate.swift */,
				55EFFAA8285B80340038E01E /* SceneDelegate.swift */,
				55EFFABE285B80FB0038E01E /* Model */,
				55EFFABB285B80C10038E01E /* Controllers */,
				55EFFABA285B80AD0038E01E /* View */,
				55EFFAAF285B80340038E01E /* Assets.xcassets */,
				55EFFAB1285B80340038E01E /* LaunchScreen.storyboard */,
				55EFFAB4285B80340038E01E /* Info.plist */,
			);
			path = Splitty;
			sourceTree = "<group>";
		};
		55EFFABA285B80AD0038E01E /* View */ = {
			isa = PBXGroup;
			children = (
				55EFFAAC285B80340038E01E /* Main.storyboard */,
			);
			path = View;
			sourceTree = "<group>";
		};
		55EFFABB285B80C10038E01E /* Controllers */ = {
			isa = PBXGroup;
			children = (
				55EFFAAA285B80340038E01E /* MainViewController.swift */,
				55BD3F0B285C81F600421F22 /* ResultViewController.swift */,
			);
			path = Controllers;
			sourceTree = "<group>";
		};
		55EFFABE285B80FB0038E01E /* Model */ = {
			isa = PBXGroup;
			children = (
				55EFFABC285B80F20038E01E /* TipBrain.swift */,
			);
			path = Model;
			sourceTree = "<group>";
		};
/* End PBXGroup section */

/* Begin PBXNativeTarget section */
		55EFFAA2285B80340038E01E /* Splitty */ = {
			isa = PBXNativeTarget;
			buildConfigurationList = 55EFFAB7285B80340038E01E /* Build configuration list for PBXNativeTarget "Splitty" */;
			buildPhases = (
				55EFFA9F285B80340038E01E /* Sources */,
				55EFFAA0285B80340038E01E /* Frameworks */,
				55EFFAA1285B80340038E01E /* Resources */,
			);
			buildRules = (
			);
			dependencies = (
			);
			name = Splitty;
			productName = TipSplitty;
			productReference = 55EFFAA3285B80340038E01E /* Splitty.app */;
			productType = "com.apple.product-type.application";
		};
/* End PBXNativeTarget section */

/* Begin PBXProject section */
		55EFFA9B285B80340038E01E /* Project object */ = {
			isa = PBXProject;
			attributes = {
				BuildIndependentTargetsInParallel = 1;
				LastSwiftUpdateCheck = 1330;
				LastUpgradeCheck = 1330;
				TargetAttributes = {
					55EFFAA2285B80340038E01E = {
						CreatedOnToolsVersion = 13.3.1;
					};
				};
			};
			buildConfigurationList = 55EFFA9E285B80340038E01E /* Build configuration list for PBXProject "Splitty" */;
			compatibilityVersion = "Xcode 13.0";
			developmentRegion = en;
			hasScannedForEncodings = 0;
			knownRegions = (
				en,
				Base,
			);
			mainGroup = 55EFFA9A285B80340038E01E;
			productRefGroup = 55EFFAA4285B80340038E01E /* Products */;
			projectDirPath = "";
			projectRoot = "";
			targets = (
				55EFFAA2285B80340038E01E /* Splitty */,
			);
		};
/* End PBXProject section */

/* Begin PBXResourcesBuildPhase section */
		55EFFAA1285B80340038E01E /* Resources */ = {
			isa = PBXResourcesBuildPhase;
			buildActionMask = 2147483647;
			files = (
				55EFFAB3285B80340038E01E /* LaunchScreen.storyboard in Resources */,
				55EFFAB0285B80340038E01E /* Assets.xcassets in Resources */,
				55EFFAAE285B80340038E01E /* Main.storyboard in Resources */,
			);
			runOnlyForDeploymentPostprocessing = 0;
		};
/* End PBXResourcesBuildPhase section */

/* Begin PBXSourcesBuildPhase section */
		55EFFA9F285B80340038E01E /* Sources */ = {
			isa = PBXSourcesBuildPhase;
			buildActionMask = 2147483647;
			files = (
				55BD3F0C285C81F600421F22 /* ResultViewController.swift in Sources */,
				55EFFAAB285B80340038E01E /* MainViewController.swift in Sources */,
				55EFFAA7285B80340038E01E /* AppDelegate.swift in Sources */,
				55EFFABD285B80F20038E01E /* TipBrain.swift in Sources */,
				55EFFAA9285B80340038E01E /* SceneDelegate.swift in Sources */,
			);
			runOnlyForDeploymentPostprocessing = 0;
		};
/* End PBXSourcesBuildPhase section */

/* Begin PBXVariantGroup section */
		55EFFAAC285B80340038E01E /* Main.storyboard */ = {
			isa = PBXVariantGroup;
			children = (
				55EFFAAD285B80340038E01E /* Base */,
			);
			name = Main.storyboard;
			sourceTree = "<group>";
		};
		55EFFAB1285B80340038E01E /* LaunchScreen.storyboard */ = {
			isa = PBXVariantGroup;
			children = (
				55EFFAB2285B80340038E01E /* Base */,
			);
			name = LaunchScreen.storyboard;
			sourceTree = "<group>";
		};
/* End PBXVariantGroup section */

/* Begin XCBuildConfiguration section */
		55EFFAB5285B80340038E01E /* Debug */ = {
			isa = XCBuildConfiguration;
			buildSettings = {
				ALWAYS_SEARCH_USER_PATHS = NO;
				CLANG_ANALYZER_NONNULL = YES;
				CLANG_ANALYZER_NUMBER_OBJECT_CONVERSION = YES_AGGRESSIVE;
				CLANG_CXX_LANGUAGE_STANDARD = "gnu++17";
				CLANG_ENABLE_MODULES = YES;
				CLANG_ENABLE_OBJC_ARC = YES;
				CLANG_ENABLE_OBJC_WEAK = YES;
				CLANG_WARN_BLOCK_CAPTURE_AUTORELEASING = YES;
				CLANG_WARN_BOOL_CONVERSION = YES;
				CLANG_WARN_COMMA = YES;
				CLANG_WARN_CONSTANT_CONVERSION = YES;
				CLANG_WARN_DEPRECATED_OBJC_IMPLEMENTATIONS = YES;
				CLANG_WARN_DIRECT_OBJC_ISA_USAGE = YES_ERROR;
				CLANG_WARN_DOCUMENTATION_COMMENTS = YES;
				CLANG_WARN_EMPTY_BODY = YES;
				CLANG_WARN_ENUM_CONVERSION = YES;
				CLANG_WARN_INFINITE_RECURSION = YES;
				CLANG_WARN_INT_CONVERSION = YES;
				CLANG_WARN_NON_LITERAL_NULL_CONVERSION = YES;
				CLANG_WARN_OBJC_IMPLICIT_RETAIN_SELF = YES;
				CLANG_WARN_OBJC_LITERAL_CONVERSION = YES;
				CLANG_WARN_OBJC_ROOT_CLASS = YES_ERROR;
				CLANG_WARN_QUOTED_INCLUDE_IN_FRAMEWORK_HEADER = YES;
				CLANG_WARN_RANGE_LOOP_ANALYSIS = YES;
				CLANG_WARN_STRICT_PROTOTYPES = YES;
				CLANG_WARN_SUSPICIOUS_MOVE = YES;
				CLANG_WARN_UNGUARDED_AVAILABILITY = YES_AGGRESSIVE;
				CLANG_WARN_UNREACHABLE_CODE = YES;
				CLANG_WARN__DUPLICATE_METHOD_MATCH = YES;
				COPY_PHASE_STRIP = NO;
				DEBUG_INFORMATION_FORMAT = dwarf;
				ENABLE_STRICT_OBJC_MSGSEND = YES;
				ENABLE_TESTABILITY = YES;
				GCC_C_LANGUAGE_STANDARD = gnu11;
				GCC_DYNAMIC_NO_PIC = NO;
				GCC_NO_COMMON_BLOCKS = YES;
				GCC_OPTIMIZATION_LEVEL = 0;
				GCC_PREPROCESSOR_DEFINITIONS = (
					"DEBUG=1",
					"$(inherited)",
				);
				GCC_WARN_64_TO_32_BIT_CONVERSION = YES;
				GCC_WARN_ABOUT_RETURN_TYPE = YES_ERROR;
				GCC_WARN_UNDECLARED_SELECTOR = YES;
				GCC_WARN_UNINITIALIZED_AUTOS = YES_AGGRESSIVE;
				GCC_WARN_UNUSED_FUNCTION = YES;
				GCC_WARN_UNUSED_VARIABLE = YES;
				IPHONEOS_DEPLOYMENT_TARGET = 15.4;
				MTL_ENABLE_DEBUG_INFO = INCLUDE_SOURCE;
				MTL_FAST_MATH = YES;
				ONLY_ACTIVE_ARCH = YES;
				SDKROOT = iphoneos;
				SWIFT_ACTIVE_COMPILATION_CONDITIONS = DEBUG;
				SWIFT_OPTIMIZATION_LEVEL = "-Onone";
			};
			name = Debug;
		};
		55EFFAB6285B80340038E01E /* Release */ = {
			isa = XCBuildConfiguration;
			buildSettings = {
				ALWAYS_SEARCH_USER_PATHS = NO;
				CLANG_ANALYZER_NONNULL = YES;
				CLANG_ANALYZER_NUMBER_OBJECT_CONVERSION = YES_AGGRESSIVE;
				CLANG_CXX_LANGUAGE_STANDARD = "gnu++17";
				CLANG_ENABLE_MODULES = YES;
				CLANG_ENABLE_OBJC_ARC = YES;
				CLANG_ENABLE_OBJC_WEAK = YES;
				CLANG_WARN_BLOCK_CAPTURE_AUTORELEASING = YES;
				CLANG_WARN_BOOL_CONVERSION = YES;
				CLANG_WARN_COMMA = YES;
				CLANG_WARN_CONSTANT_CONVERSION = YES;
				CLANG_WARN_DEPRECATED_OBJC_IMPLEMENTATIONS = YES;
				CLANG_WARN_DIRECT_OBJC_ISA_USAGE = YES_ERROR;
				CLANG_WARN_DOCUMENTATION_COMMENTS = YES;
				CLANG_WARN_EMPTY_BODY = YES;
				CLANG_WARN_ENUM_CONVERSION = YES;
				CLANG_WARN_INFINITE_RECURSION = YES;
				CLANG_WARN_INT_CONVERSION = YES;
				CLANG_WARN_NON_LITERAL_NULL_CONVERSION = YES;
				CLANG_WARN_OBJC_IMPLICIT_RETAIN_SELF = YES;
				CLANG_WARN_OBJC_LITERAL_CONVERSION = YES;
				CLANG_WARN_OBJC_ROOT_CLASS = YES_ERROR;
				CLANG_WARN_QUOTED_INCLUDE_IN_FRAMEWORK_HEADER = YES;
				CLANG_WARN_RANGE_LOOP_ANALYSIS = YES;
				CLANG_WARN_STRICT_PROTOTYPES = YES;
				CLANG_WARN_SUSPICIOUS_MOVE = YES;
				CLANG_WARN_UNGUARDED_AVAILABILITY = YES_AGGRESSIVE;
				CLANG_WARN_UNREACHABLE_CODE = YES;
				CLANG_WARN__DUPLICATE_METHOD_MATCH = YES;
				COPY_PHASE_STRIP = NO;
				DEBUG_INFORMATION_FORMAT = "dwarf-with-dsym";
				ENABLE_NS_ASSERTIONS = NO;
				ENABLE_STRICT_OBJC_MSGSEND = YES;
				GCC_C_LANGUAGE_STANDARD = gnu11;
				GCC_NO_COMMON_BLOCKS = YES;
				GCC_WARN_64_TO_32_BIT_CONVERSION = YES;
				GCC_WARN_ABOUT_RETURN_TYPE = YES_ERROR;
				GCC_WARN_UNDECLARED_SELECTOR = YES;
				GCC_WARN_UNINITIALIZED_AUTOS = YES_AGGRESSIVE;
				GCC_WARN_UNUSED_FUNCTION = YES;
				GCC_WARN_UNUSED_VARIABLE = YES;
				IPHONEOS_DEPLOYMENT_TARGET = 15.4;
				MTL_ENABLE_DEBUG_INFO = NO;
				MTL_FAST_MATH = YES;
				SDKROOT = iphoneos;
				SWIFT_COMPILATION_MODE = wholemodule;
				SWIFT_OPTIMIZATION_LEVEL = "-O";
				VALIDATE_PRODUCT = YES;
			};
			name = Release;
		};
		55EFFAB8285B80340038E01E /* Debug */ = {
			isa = XCBuildConfiguration;
			buildSettings = {
				ASSETCATALOG_COMPILER_APPICON_NAME = AppIcon;
				ASSETCATALOG_COMPILER_GLOBAL_ACCENT_COLOR_NAME = AccentColor;
				CODE_SIGN_STYLE = Automatic;
				CURRENT_PROJECT_VERSION = 1;
				GENERATE_INFOPLIST_FILE = YES;
				INFOPLIST_FILE = Splitty/Info.plist;
				INFOPLIST_KEY_UIApplicationSupportsIndirectInputEvents = YES;
				INFOPLIST_KEY_UILaunchStoryboardName = LaunchScreen;
				INFOPLIST_KEY_UIMainStoryboardFile = Main;
				INFOPLIST_KEY_UISupportedInterfaceOrientations = UIInterfaceOrientationPortrait;
				INFOPLIST_KEY_UISupportedInterfaceOrientations_iPad = "UIInterfaceOrientationPortrait UIInterfaceOrientationPortraitUpsideDown UIInterfaceOrientationLandscapeLeft UIInterfaceOrientationLandscapeRight";
				INFOPLIST_KEY_UISupportedInterfaceOrientations_iPhone = "UIInterfaceOrientationPortrait UIInterfaceOrientationLandscapeLeft UIInterfaceOrientationLandscapeRight";
				LD_RUNPATH_SEARCH_PATHS = (
					"$(inherited)",
					"@executable_path/Frameworks",
				);
				MARKETING_VERSION = 1.0;
				PRODUCT_BUNDLE_IDENTIFIER = "com.the-ounce.Splitty";
				PRODUCT_NAME = "$(TARGET_NAME)";
				SWIFT_EMIT_LOC_STRINGS = YES;
				SWIFT_VERSION = 5.0;
				TARGETED_DEVICE_FAMILY = "1,2";
			};
			name = Debug;
		};
		55EFFAB9285B80340038E01E /* Release */ = {
			isa = XCBuildConfiguration;
			buildSettings = {
				ASSETCATALOG_COMPILER_APPICON_NAME = AppIcon;
				ASSETCATALOG_COMPILER_GLOBAL_ACCENT_COLOR_NAME = AccentColor;
				CODE_SIGN_STYLE = Automatic;
				CURRENT_PROJECT_VERSION = 1;
				GENERATE_INFOPLIST_FILE = YES;
				INFOPLIST_FILE = Splitty/Info.plist;
				INFOPLIST_KEY_UIApplicationSupportsIndirectInputEvents = YES;
				INFOPLIST_KEY_UILaunchStoryboardName = LaunchScreen;
				INFOPLIST_KEY_UIMainStoryboardFile = Main;
				INFOPLIST_KEY_UISupportedInterfaceOrientations = UIInterfaceOrientationPortrait;
				INFOPLIST_KEY_UISupportedInterfaceOrientations_iPad = "UIInterfaceOrientationPortrait UIInterfaceOrientationPortraitUpsideDown UIInterfaceOrientationLandscapeLeft UIInterfaceOrientationLandscapeRight";
				INFOPLIST_KEY_UISupportedInterfaceOrientations_iPhone = "UIInterfaceOrientationPortrait UIInterfaceOrientationLandscapeLeft UIInterfaceOrientationLandscapeRight";
				LD_RUNPATH_SEARCH_PATHS = (
					"$(inherited)",
					"@executable_path/Frameworks",
				);
				MARKETING_VERSION = 1.0;
				PRODUCT_BUNDLE_IDENTIFIER = "com.the-ounce.Splitty";
				PRODUCT_NAME = "$(TARGET_NAME)";
				SWIFT_EMIT_LOC_STRINGS = YES;
				SWIFT_VERSION = 5.0;
				TARGETED_DEVICE_FAMILY = "1,2";
			};
			name = Release;
		};
/* End XCBuildConfiguration section */

/* Begin XCConfigurationList section */
		55EFFA9E285B80340038E01E /* Build configuration list for PBXProject "Splitty" */ = {
			isa = XCConfigurationList;
			buildConfigurations = (
				55EFFAB5285B80340038E01E /* Debug */,
				55EFFAB6285B80340038E01E /* Release */,
			);
			defaultConfigurationIsVisible = 0;
			defaultConfigurationName = Release;
		};
		55EFFAB7285B80340038E01E /* Build configuration list for PBXNativeTarget "Splitty" */ = {
			isa = XCConfigurationList;
			buildConfigurations = (
				55EFFAB8285B80340038E01E /* Debug */,
				55EFFAB9285B80340038E01E /* Release */,
			);
			defaultConfigurationIsVisible = 0;
			defaultConfigurationName = Release;
		};
/* End XCConfigurationList section */
	};
	rootObject = 55EFFA9B285B80340038E01E /* Project object */;
}
